
Microsoft Visual Studio Solution File, Format Version 12.00
# Visual Studio 15
VisualStudioVersion = 15.0.28307.168
MinimumVisualStudioVersion = 10.0.40219.1
Project("{FAE04EC0-301F-11D3-BF4B-00C04F79EFBC}") = "Planner.Model", "Planner.Model\Planner.Model.csproj", "{2821F70F-840C-4A21-ACEA-EB3AC9180931}"
EndProject
Project("{FAE04EC0-301F-11D3-BF4B-00C04F79EFBC}") = "Planner.UI", "Planner.UI\Planner.UI.csproj", "{CB5534B6-75CE-41C6-A676-77FF1C0E0B31}"
EndProject
Project("{FAE04EC0-301F-11D3-BF4B-00C04F79EFBC}") = "Planner.DataAccess", "Planner.DataAccess\Planner.DataAccess.csproj", "{89E0CFEA-FD99-495B-98A6-71F1E465CC4E}"
EndProject
Global
	GlobalSection(SolutionConfigurationPlatforms) = preSolution
		Debug|Any CPU = Debug|Any CPU
		Release|Any CPU = Release|Any CPU
	EndGlobalSection
	GlobalSection(ProjectConfigurationPlatforms) = postSolution
		{2821F70F-840C-4A21-ACEA-EB3AC9180931}.Debug|Any CPU.ActiveCfg = Debug|Any CPU
		{2821F70F-840C-4A21-ACEA-EB3AC9180931}.Debug|Any CPU.Build.0 = Debug|Any CPU
		{2821F70F-840C-4A21-ACEA-EB3AC9180931}.Release|Any CPU.ActiveCfg = Release|Any CPU
		{2821F70F-840C-4A21-ACEA-EB3AC9180931}.Release|Any CPU.Build.0 = Release|Any CPU
		{CB5534B6-75CE-41C6-A676-77FF1C0E0B31}.Debug|Any CPU.ActiveCfg = Debug|Any CPU
		{CB5534B6-75CE-41C6-A676-77FF1C0E0B31}.Debug|Any CPU.Build.0 = Debug|Any CPU
		{CB5534B6-75CE-41C6-A676-77FF1C0E0B31}.Release|Any CPU.ActiveCfg = Release|Any CPU
		{CB5534B6-75CE-41C6-A676-77FF1C0E0B31}.Release|Any CPU.Build.0 = Release|Any CPU
		{89E0CFEA-FD99-495B-98A6-71F1E465CC4E}.Debug|Any CPU.ActiveCfg = Debug|Any CPU
		{89E0CFEA-FD99-495B-98A6-71F1E465CC4E}.Debug|Any CPU.Build.0 = Debug|Any CPU
		{89E0CFEA-FD99-495B-98A6-71F1E465CC4E}.Release|Any CPU.ActiveCfg = Release|Any CPU
		{89E0CFEA-FD99-495B-98A6-71F1E465CC4E}.Release|Any CPU.Build.0 = Release|Any CPU
	EndGlobalSection
	GlobalSection(SolutionProperties) = preSolution
		HideSolutionNode = FALSE
	EndGlobalSection
	GlobalSection(ExtensibilityGlobals) = postSolution
		SolutionGuid = {A5E42B9F-05A1-4855-B502-919D9169301E}
	EndGlobalSection
EndGlobal
